
Microsoft Visual Studio Solution File, Format Version 12.00
# Visual Studio Version 17
VisualStudioVersion = 17.0.31903.59
MinimumVisualStudioVersion = 10.0.40219.1
Project("{FAE04EC0-301F-11D3-BF4B-00C04F79EFBC}") = "API", "API\API.csproj", "{84A1BD16-3BA7-4684-AD7C-B0F6EC020933}"
EndProject
Project("{FAE04EC0-301F-11D3-BF4B-00C04F79EFBC}") = "Core", "Core\Core.csproj", "{348D70C2-5582-4AA5-A84F-053BDDEB9122}"
EndProject
Project("{FAE04EC0-301F-11D3-BF4B-00C04F79EFBC}") = "Infrastructure", "Infrastructure\Infrastructure.csproj", "{BFEC642F-7854-4D0E-B48B-0CB57B0F7B68}"
EndProject
Global
	GlobalSection(SolutionConfigurationPlatforms) = preSolution
		Debug|Any CPU = Debug|Any CPU
		Debug|x64 = Debug|x64
		Debug|x86 = Debug|x86
		Release|Any CPU = Release|Any CPU
		Release|x64 = Release|x64
		Release|x86 = Release|x86
	EndGlobalSection
	GlobalSection(ProjectConfigurationPlatforms) = postSolution
		{84A1BD16-3BA7-4684-AD7C-B0F6EC020933}.Debug|Any CPU.ActiveCfg = Debug|Any CPU
		{84A1BD16-3BA7-4684-AD7C-B0F6EC020933}.Debug|Any CPU.Build.0 = Debug|Any CPU
		{84A1BD16-3BA7-4684-AD7C-B0F6EC020933}.Debug|x64.ActiveCfg = Debug|Any CPU
		{84A1BD16-3BA7-4684-AD7C-B0F6EC020933}.Debug|x64.Build.0 = Debug|Any CPU
		{84A1BD16-3BA7-4684-AD7C-B0F6EC020933}.Debug|x86.ActiveCfg = Debug|Any CPU
		{84A1BD16-3BA7-4684-AD7C-B0F6EC020933}.Debug|x86.Build.0 = Debug|Any CPU
		{84A1BD16-3BA7-4684-AD7C-B0F6EC020933}.Release|Any CPU.ActiveCfg = Release|Any CPU
		{84A1BD16-3BA7-4684-AD7C-B0F6EC020933}.Release|Any CPU.Build.0 = Release|Any CPU
		{84A1BD16-3BA7-4684-AD7C-B0F6EC020933}.Release|x64.ActiveCfg = Release|Any CPU
		{84A1BD16-3BA7-4684-AD7C-B0F6EC020933}.Release|x64.Build.0 = Release|Any CPU
		{84A1BD16-3BA7-4684-AD7C-B0F6EC020933}.Release|x86.ActiveCfg = Release|Any CPU
		{84A1BD16-3BA7-4684-AD7C-B0F6EC020933}.Release|x86.Build.0 = Release|Any CPU
		{348D70C2-5582-4AA5-A84F-053BDDEB9122}.Debug|Any CPU.ActiveCfg = Debug|Any CPU
		{348D70C2-5582-4AA5-A84F-053BDDEB9122}.Debug|Any CPU.Build.0 = Debug|Any CPU
		{348D70C2-5582-4AA5-A84F-053BDDEB9122}.Debug|x64.ActiveCfg = Debug|Any CPU
		{348D70C2-5582-4AA5-A84F-053BDDEB9122}.Debug|x64.Build.0 = Debug|Any CPU
		{348D70C2-5582-4AA5-A84F-053BDDEB9122}.Debug|x86.ActiveCfg = Debug|Any CPU
		{348D70C2-5582-4AA5-A84F-053BDDEB9122}.Debug|x86.Build.0 = Debug|Any CPU
		{348D70C2-5582-4AA5-A84F-053BDDEB9122}.Release|Any CPU.ActiveCfg = Release|Any CPU
		{348D70C2-5582-4AA5-A84F-053BDDEB9122}.Release|Any CPU.Build.0 = Release|Any CPU
		{348D70C2-5582-4AA5-A84F-053BDDEB9122}.Release|x64.ActiveCfg = Release|Any CPU
		{348D70C2-5582-4AA5-A84F-053BDDEB9122}.Release|x64.Build.0 = Release|Any CPU
		{348D70C2-5582-4AA5-A84F-053BDDEB9122}.Release|x86.ActiveCfg = Release|Any CPU
		{348D70C2-5582-4AA5-A84F-053BDDEB9122}.Release|x86.Build.0 = Release|Any CPU
		{BFEC642F-7854-4D0E-B48B-0CB57B0F7B68}.Debug|Any CPU.ActiveCfg = Debug|Any CPU
		{BFEC642F-7854-4D0E-B48B-0CB57B0F7B68}.Debug|Any CPU.Build.0 = Debug|Any CPU
		{BFEC642F-7854-4D0E-B48B-0CB57B0F7B68}.Debug|x64.ActiveCfg = Debug|Any CPU
		{BFEC642F-7854-4D0E-B48B-0CB57B0F7B68}.Debug|x64.Build.0 = Debug|Any CPU
		{BFEC642F-7854-4D0E-B48B-0CB57B0F7B68}.Debug|x86.ActiveCfg = Debug|Any CPU
		{BFEC642F-7854-4D0E-B48B-0CB57B0F7B68}.Debug|x86.Build.0 = Debug|Any CPU
		{BFEC642F-7854-4D0E-B48B-0CB57B0F7B68}.Release|Any CPU.ActiveCfg = Release|Any CPU
		{BFEC642F-7854-4D0E-B48B-0CB57B0F7B68}.Release|Any CPU.Build.0 = Release|Any CPU
		{BFEC642F-7854-4D0E-B48B-0CB57B0F7B68}.Release|x64.ActiveCfg = Release|Any CPU
		{BFEC642F-7854-4D0E-B48B-0CB57B0F7B68}.Release|x64.Build.0 = Release|Any CPU
		{BFEC642F-7854-4D0E-B48B-0CB57B0F7B68}.Release|x86.ActiveCfg = Release|Any CPU
		{BFEC642F-7854-4D0E-B48B-0CB57B0F7B68}.Release|x86.Build.0 = Release|Any CPU
	EndGlobalSection
	GlobalSection(SolutionProperties) = preSolution
		HideSolutionNode = FALSE
	EndGlobalSection
EndGlobal
